
Microsoft Visual Studio Solution File, Format Version 12.00
# Visual Studio Version 17
VisualStudioVersion = 17.5.33516.290
MinimumVisualStudioVersion = 10.0.40219.1
Project("{FAE04EC0-301F-11D3-BF4B-00C04F79EFBC}") = "SortedCodingTest", "SortedCodingTest\SortedCodingTest.csproj", "{28D3FB7F-F7B1-4C6E-8026-3B3C2F28EBBE}"
EndProject
Global
	GlobalSection(SolutionConfigurationPlatforms) = preSolution
		Debug|Any CPU = Debug|Any CPU
		Release|Any CPU = Release|Any CPU
	EndGlobalSection
	GlobalSection(ProjectConfigurationPlatforms) = postSolution
		{28D3FB7F-F7B1-4C6E-8026-3B3C2F28EBBE}.Debug|Any CPU.ActiveCfg = Debug|Any CPU
		{28D3FB7F-F7B1-4C6E-8026-3B3C2F28EBBE}.Debug|Any CPU.Build.0 = Debug|Any CPU
		{28D3FB7F-F7B1-4C6E-8026-3B3C2F28EBBE}.Release|Any CPU.ActiveCfg = Release|Any CPU
		{28D3FB7F-F7B1-4C6E-8026-3B3C2F28EBBE}.Release|Any CPU.Build.0 = Release|Any CPU
	EndGlobalSection
	GlobalSection(SolutionProperties) = preSolution
		HideSolutionNode = FALSE
	EndGlobalSection
	GlobalSection(ExtensibilityGlobals) = postSolution
		SolutionGuid = {2AF8FE0C-5E2B-47B1-A508-4078E831882B}
	EndGlobalSection
EndGlobal
